
Microsoft Visual Studio Solution File, Format Version 12.00
# Visual Studio Version 16
VisualStudioVersion = 16.0.30413.136
MinimumVisualStudioVersion = 10.0.40219.1
Project("{FAE04EC0-301F-11D3-BF4B-00C04F79EFBC}") = "PizzaPlace", "PizzaPlace.csproj", "{8A1FBC06-E819-4150-B43D-0E8B064E8289}"
EndProject
Global
	GlobalSection(SolutionConfigurationPlatforms) = preSolution
		Debug|Any CPU = Debug|Any CPU
		Release|Any CPU = Release|Any CPU
	EndGlobalSection
	GlobalSection(ProjectConfigurationPlatforms) = postSolution
		{8A1FBC06-E819-4150-B43D-0E8B064E8289}.Debug|Any CPU.ActiveCfg = Debug|Any CPU
		{8A1FBC06-E819-4150-B43D-0E8B064E8289}.Debug|Any CPU.Build.0 = Debug|Any CPU
		{8A1FBC06-E819-4150-B43D-0E8B064E8289}.Release|Any CPU.ActiveCfg = Release|Any CPU
		{8A1FBC06-E819-4150-B43D-0E8B064E8289}.Release|Any CPU.Build.0 = Release|Any CPU
	EndGlobalSection
	GlobalSection(SolutionProperties) = preSolution
		HideSolutionNode = FALSE
	EndGlobalSection
	GlobalSection(ExtensibilityGlobals) = postSolution
		SolutionGuid = {FFC36016-D712-4C62-AEA8-52A8D323BA63}
	EndGlobalSection
EndGlobal
